// !$*UTF8*$!
{
    archiveVersion = 1;
    classes = {};
    objectVersion = 56;
    objects = {
        B10000000000000000000001 /* FiveSuitsApp.swift in Sources */ = {isa = PBXBuildFile; fileRef = C10000000000000000000001 /* FiveSuitsApp.swift */; };
        B10000000000000000000002 /* ContentView.swift in Sources */ = {isa = PBXBuildFile; fileRef = C10000000000000000000002 /* ContentView.swift */; };

        C10000000000000000000001 /* FiveSuitsApp.swift */ = {isa = PBXFileReference; lastKnownFileType = sourcecode.swift; path = FiveSuitsApp.swift; sourceTree = "<group>"; };
        C10000000000000000000002 /* ContentView.swift */ = {isa = PBXFileReference; lastKnownFileType = sourcecode.swift; path = ContentView.swift; sourceTree = "<group>"; };
        C10000000000000000000003 /* Info.plist */ = {isa = PBXFileReference; lastKnownFileType = text.plist.xml; path = Info.plist; sourceTree = "<group>"; };
        C10000000000000000000004 /* FiveSuits.app */ = {isa = PBXFileReference; explicitFileType = wrapper.application; includeInIndex = 0; path = FiveSuits.app; sourceTree = BUILT_PRODUCTS_DIR; };
        C10000000000000000000005 /* Config.xcconfig */ = {isa = PBXFileReference; lastKnownFileType = text.xcconfig; path = Config.xcconfig; sourceTree = "<group>"; };

        D10000000000000000000001 = {
            isa = PBXGroup;
            children = (D10000000000000000000002 /* iosApp */, D10000000000000000000004 /* Config */, D10000000000000000000003 /* Products */);
            sourceTree = "<group>";
        };
        D10000000000000000000002 /* iosApp */ = {
            isa = PBXGroup;
            children = (C10000000000000000000001, C10000000000000000000002, C10000000000000000000003);
            path = iosApp;
            sourceTree = "<group>";
        };
        D10000000000000000000003 /* Products */ = {isa = PBXGroup; children = (C10000000000000000000004); name = Products; sourceTree = "<group>"; };
        D10000000000000000000004 /* Config */ = {isa = PBXGroup; children = (C10000000000000000000005); path = Config; sourceTree = "<group>"; };

        E10000000000000000000001 /* Frameworks */ = {isa = PBXFrameworksBuildPhase; buildActionMask = 2147483647; files = (); runOnlyForDeploymentPostprocessing = 0; };
        E10000000000000000000002 /* Sources */ = {isa = PBXSourcesBuildPhase; buildActionMask = 2147483647; files = (B10000000000000000000001, B10000000000000000000002); runOnlyForDeploymentPostprocessing = 0; };
        E10000000000000000000003 /* Resources */ = {isa = PBXResourcesBuildPhase; buildActionMask = 2147483647; files = (); runOnlyForDeploymentPostprocessing = 0; };
        E10000000000000000000004 /* Compile Kotlin Framework */ = {
            isa = PBXShellScriptBuildPhase;
            alwaysOutOfDate = 1;
            buildActionMask = 2147483647;
            files = ();
            inputPaths = ();
            name = "Compile Kotlin Framework";
            outputPaths = ();
            runOnlyForDeploymentPostprocessing = 0;
            shellPath = /bin/sh;
            shellScript = "set -e\nif [ \"YES\" = \"$OVERRIDE_KOTLIN_BUILD_IDE_SUPPORTED\" ]; then\n  exit 0\nfi\ncd \"$SRCROOT/..\"\n/bin/sh ./gradlew :composeApp:embedAndSignAppleFrameworkForXcode\n";
        };

        F10000000000000000000001 /* iosApp */ = {
            isa = PBXNativeTarget;
            buildConfigurationList = A10000000000000000000003;
            buildPhases = (E10000000000000000000004, E10000000000000000000002, E10000000000000000000001, E10000000000000000000003);
            buildRules = ();
            dependencies = ();
            name = iosApp;
            productName = FiveSuits;
            productReference = C10000000000000000000004;
            productType = "com.apple.product-type.application";
        };
        F10000000000000000000002 /* Project object */ = {
            isa = PBXProject;
            attributes = {BuildIndependentTargetsInParallel = YES; LastSwiftUpdateCheck = 1640; LastUpgradeCheck = 1640; TargetAttributes = {F10000000000000000000001 = {CreatedOnToolsVersion = 16.4; LastSwiftMigration = 1640; }; }; };
            buildConfigurationList = A10000000000000000000002;
            compatibilityVersion = "Xcode 14.0";
            developmentRegion = en;
            hasScannedForEncodings = 0;
            knownRegions = (en, Base);
            mainGroup = D10000000000000000000001;
            productRefGroup = D10000000000000000000003;
            projectDirPath = "";
            projectRoot = "";
            targets = (F10000000000000000000001);
        };

        A20000000000000000000001 /* Debug */ = {
            isa = XCBuildConfiguration;
            buildSettings = {
                ALWAYS_SEARCH_USER_PATHS = NO;
                CLANG_ENABLE_MODULES = YES;
                CLANG_ENABLE_OBJC_ARC = YES;
                CLANG_WARN_DOCUMENTATION_COMMENTS = YES;
                COPY_PHASE_STRIP = NO;
                DEBUG_INFORMATION_FORMAT = dwarf;
                ENABLE_TESTABILITY = YES;
                GCC_C_LANGUAGE_STANDARD = gnu17;
                GCC_OPTIMIZATION_LEVEL = 0;
                GCC_PREPROCESSOR_DEFINITIONS = ("DEBUG=1", "$(inherited)");
                ONLY_ACTIVE_ARCH = YES;
                SDKROOT = iphoneos;
                SWIFT_ACTIVE_COMPILATION_CONDITIONS = "DEBUG $(inherited)";
                SWIFT_OPTIMIZATION_LEVEL = "-Onone";
            };
            name = Debug;
        };
        A20000000000000000000002 /* Release */ = {
            isa = XCBuildConfiguration;
            buildSettings = {
                ALWAYS_SEARCH_USER_PATHS = NO;
                CLANG_ENABLE_MODULES = YES;
                CLANG_ENABLE_OBJC_ARC = YES;
                COPY_PHASE_STRIP = NO;
                DEBUG_INFORMATION_FORMAT = "dwarf-with-dsym";
                GCC_C_LANGUAGE_STANDARD = gnu17;
                SDKROOT = iphoneos;
                SWIFT_COMPILATION_MODE = wholemodule;
                SWIFT_OPTIMIZATION_LEVEL = "-O";
                VALIDATE_PRODUCT = YES;
            };
            name = Release;
        };
        A20000000000000000000003 /* Debug */ = {
            isa = XCBuildConfiguration;
            baseConfigurationReference = C10000000000000000000005;
            buildSettings = {
                CODE_SIGN_STYLE = Automatic;
                ENABLE_PREVIEWS = YES;
                ENABLE_USER_SCRIPT_SANDBOXING = NO;
                FRAMEWORK_SEARCH_PATHS = ("$(inherited)", "$(SRCROOT)/../composeApp/build/xcode-frameworks/$(CONFIGURATION)/$(SDK_NAME)");
                GENERATE_INFOPLIST_FILE = NO;
                INFOPLIST_FILE = iosApp/Info.plist;
                LD_RUNPATH_SEARCH_PATHS = ("$(inherited)", "@executable_path/Frameworks");
                OTHER_LDFLAGS = ("$(inherited)", "-framework", ComposeApp);
                PRODUCT_NAME = FiveSuits;
                SUPPORTED_PLATFORMS = "iphoneos iphonesimulator";
                SUPPORTS_MACCATALYST = NO;
                SWIFT_EMIT_LOC_STRINGS = YES;
                SWIFT_VERSION = 5.0;
                TARGETED_DEVICE_FAMILY = "1,2";
            };
            name = Debug;
        };
        A20000000000000000000004 /* Release */ = {
            isa = XCBuildConfiguration;
            baseConfigurationReference = C10000000000000000000005;
            buildSettings = {
                CODE_SIGN_STYLE = Automatic;
                ENABLE_USER_SCRIPT_SANDBOXING = NO;
                FRAMEWORK_SEARCH_PATHS = ("$(inherited)", "$(SRCROOT)/../composeApp/build/xcode-frameworks/$(CONFIGURATION)/$(SDK_NAME)");
                GENERATE_INFOPLIST_FILE = NO;
                INFOPLIST_FILE = iosApp/Info.plist;
                LD_RUNPATH_SEARCH_PATHS = ("$(inherited)", "@executable_path/Frameworks");
                OTHER_LDFLAGS = ("$(inherited)", "-framework", ComposeApp);
                PRODUCT_NAME = FiveSuits;
                SUPPORTED_PLATFORMS = "iphoneos iphonesimulator";
                SUPPORTS_MACCATALYST = NO;
                SWIFT_EMIT_LOC_STRINGS = YES;
                SWIFT_VERSION = 5.0;
                TARGETED_DEVICE_FAMILY = "1,2";
            };
            name = Release;
        };
        A10000000000000000000002 = {isa = XCConfigurationList; buildConfigurations = (A20000000000000000000001, A20000000000000000000002); defaultConfigurationIsVisible = 0; defaultConfigurationName = Release; };
        A10000000000000000000003 = {isa = XCConfigurationList; buildConfigurations = (A20000000000000000000003, A20000000000000000000004); defaultConfigurationIsVisible = 0; defaultConfigurationName = Release; };
    };
    rootObject = F10000000000000000000002 /* Project object */;
}
